
Microsoft Visual Studio Solution File, Format Version 12.00
# Visual Studio Version 17
VisualStudioVersion = 17.7.34024.191
MinimumVisualStudioVersion = 10.0.40219.1
Project("{FAE04EC0-301F-11D3-BF4B-00C04F79EFBC}") = "ExplorandoExcecoes", "ExplorandoExcecoes.csproj", "{A1B7A411-121D-42BD-8779-1FB4C53DBC1B}"
EndProject
Global
	GlobalSection(SolutionConfigurationPlatforms) = preSolution
		Debug|Any CPU = Debug|Any CPU
		Release|Any CPU = Release|Any CPU
	EndGlobalSection
	GlobalSection(ProjectConfigurationPlatforms) = postSolution
		{A1B7A411-121D-42BD-8779-1FB4C53DBC1B}.Debug|Any CPU.ActiveCfg = Debug|Any CPU
		{A1B7A411-121D-42BD-8779-1FB4C53DBC1B}.Debug|Any CPU.Build.0 = Debug|Any CPU
		{A1B7A411-121D-42BD-8779-1FB4C53DBC1B}.Release|Any CPU.ActiveCfg = Release|Any CPU
		{A1B7A411-121D-42BD-8779-1FB4C53DBC1B}.Release|Any CPU.Build.0 = Release|Any CPU
	EndGlobalSection
	GlobalSection(SolutionProperties) = preSolution
		HideSolutionNode = FALSE
	EndGlobalSection
	GlobalSection(ExtensibilityGlobals) = postSolution
		SolutionGuid = {870F6FAF-71E4-444B-AE09-126E38EC3ECD}
	EndGlobalSection
EndGlobal
